
Microsoft Visual Studio Solution File, Format Version 12.00
# Visual Studio Version 17
VisualStudioVersion = 17.10.35027.167
MinimumVisualStudioVersion = 10.0.40219.1
Project("{FAE04EC0-301F-11D3-BF4B-00C04F79EFBC}") = "RatesProvider", "RatesProvider\RatesProvider.csproj", "{07563688-5EC9-4085-A637-B47393D50F57}"
EndProject
Global
	GlobalSection(SolutionConfigurationPlatforms) = preSolution
		Debug|Any CPU = Debug|Any CPU
		Release|Any CPU = Release|Any CPU
	EndGlobalSection
	GlobalSection(ProjectConfigurationPlatforms) = postSolution
		{07563688-5EC9-4085-A637-B47393D50F57}.Debug|Any CPU.ActiveCfg = Debug|Any CPU
		{07563688-5EC9-4085-A637-B47393D50F57}.Debug|Any CPU.Build.0 = Debug|Any CPU
		{07563688-5EC9-4085-A637-B47393D50F57}.Release|Any CPU.ActiveCfg = Release|Any CPU
		{07563688-5EC9-4085-A637-B47393D50F57}.Release|Any CPU.Build.0 = Release|Any CPU
	EndGlobalSection
	GlobalSection(SolutionProperties) = preSolution
		HideSolutionNode = FALSE
	EndGlobalSection
	GlobalSection(ExtensibilityGlobals) = postSolution
		SolutionGuid = {37858E8E-3430-490D-8647-BB2600E153FC}
	EndGlobalSection
EndGlobal
