
Microsoft Visual Studio Solution File, Format Version 12.00
# Visual Studio Version 17
VisualStudioVersion = 17.10.35027.167
MinimumVisualStudioVersion = 10.0.40219.1
Project("{9A19103F-16F7-4668-BE54-9A1E7A4F7556}") = "Starter", "RatesProvider\Starter.csproj", "{5FC21888-5FEE-4E45-8EBF-1955E2C6CFBA}"
EndProject
Project("{9A19103F-16F7-4668-BE54-9A1E7A4F7556}") = "RatesProvider.Application", "RatesProvider.Application\RatesProvider.Application.csproj", "{182F90D9-6F44-428A-80EC-3D77C0B16DB3}"
EndProject
Global
	GlobalSection(SolutionConfigurationPlatforms) = preSolution
		Debug|Any CPU = Debug|Any CPU
		Release|Any CPU = Release|Any CPU
	EndGlobalSection
	GlobalSection(ProjectConfigurationPlatforms) = postSolution
		{5FC21888-5FEE-4E45-8EBF-1955E2C6CFBA}.Debug|Any CPU.ActiveCfg = Debug|Any CPU
		{5FC21888-5FEE-4E45-8EBF-1955E2C6CFBA}.Debug|Any CPU.Build.0 = Debug|Any CPU
		{5FC21888-5FEE-4E45-8EBF-1955E2C6CFBA}.Release|Any CPU.ActiveCfg = Release|Any CPU
		{5FC21888-5FEE-4E45-8EBF-1955E2C6CFBA}.Release|Any CPU.Build.0 = Release|Any CPU
		{182F90D9-6F44-428A-80EC-3D77C0B16DB3}.Debug|Any CPU.ActiveCfg = Debug|Any CPU
		{182F90D9-6F44-428A-80EC-3D77C0B16DB3}.Debug|Any CPU.Build.0 = Debug|Any CPU
		{182F90D9-6F44-428A-80EC-3D77C0B16DB3}.Release|Any CPU.ActiveCfg = Release|Any CPU
		{182F90D9-6F44-428A-80EC-3D77C0B16DB3}.Release|Any CPU.Build.0 = Release|Any CPU
	EndGlobalSection
	GlobalSection(SolutionProperties) = preSolution
		HideSolutionNode = FALSE
	EndGlobalSection
	GlobalSection(ExtensibilityGlobals) = postSolution
		SolutionGuid = {187CA848-19EC-4AE7-BDE4-79DDCF5B48C7}
	EndGlobalSection
EndGlobal
